
Microsoft Visual Studio Solution File, Format Version 12.00
Project("{FAE04EC0-301F-11D3-BF4B-00C04F79EFBC}") = "Faker", "Faker\Faker.csproj", "{0375C2E3-7ED8-4950-909F-5859E4BA7BD9}"
EndProject
Project("{FAE04EC0-301F-11D3-BF4B-00C04F79EFBC}") = "TestFaker", "TestFaker\TestFaker.csproj", "{B4800B37-C49D-4825-A6BE-E63C1C6FE5EC}"
EndProject
Global
	GlobalSection(SolutionConfigurationPlatforms) = preSolution
		Debug|Any CPU = Debug|Any CPU
		Release|Any CPU = Release|Any CPU
	EndGlobalSection
	GlobalSection(ProjectConfigurationPlatforms) = postSolution
		{0375C2E3-7ED8-4950-909F-5859E4BA7BD9}.Debug|Any CPU.ActiveCfg = Debug|Any CPU
		{0375C2E3-7ED8-4950-909F-5859E4BA7BD9}.Debug|Any CPU.Build.0 = Debug|Any CPU
		{0375C2E3-7ED8-4950-909F-5859E4BA7BD9}.Release|Any CPU.ActiveCfg = Release|Any CPU
		{0375C2E3-7ED8-4950-909F-5859E4BA7BD9}.Release|Any CPU.Build.0 = Release|Any CPU
		{B4800B37-C49D-4825-A6BE-E63C1C6FE5EC}.Debug|Any CPU.ActiveCfg = Debug|Any CPU
		{B4800B37-C49D-4825-A6BE-E63C1C6FE5EC}.Debug|Any CPU.Build.0 = Debug|Any CPU
		{B4800B37-C49D-4825-A6BE-E63C1C6FE5EC}.Release|Any CPU.ActiveCfg = Release|Any CPU
		{B4800B37-C49D-4825-A6BE-E63C1C6FE5EC}.Release|Any CPU.Build.0 = Release|Any CPU
	EndGlobalSection
EndGlobal
